// !$*UTF8*$!
{
	archiveVersion = 1;
	classes = {
	};
	objectVersion = 50;
	objects = {

/* Begin PBXBuildFile section */
		410B63832767B904002CBA85 /* SF-Pro.ttf in Resources */ = {isa = PBXBuildFile; fileRef = 410B63822767B904002CBA85 /* SF-Pro.ttf */; };
		410B63862768F7F7002CBA85 /* ProgressCollectionViewCell.swift in Sources */ = {isa = PBXBuildFile; fileRef = 410B63852768F7F7002CBA85 /* ProgressCollectionViewCell.swift */; };
		410B6389276A27FC002CBA85 /* HabitCollectionViewCell.swift in Sources */ = {isa = PBXBuildFile; fileRef = 410B6388276A27FB002CBA85 /* HabitCollectionViewCell.swift */; };
		410B638C276A2A22002CBA85 /* ColorKit.swift in Sources */ = {isa = PBXBuildFile; fileRef = 410B638B276A2A22002CBA85 /* ColorKit.swift */; };
		410B6393276A4EB6002CBA85 /* CheckMarkView.swift in Sources */ = {isa = PBXBuildFile; fileRef = 410B6392276A4EB6002CBA85 /* CheckMarkView.swift */; };
		410B6396276A5603002CBA85 /* HablitsColors.swift in Sources */ = {isa = PBXBuildFile; fileRef = 410B6395276A5603002CBA85 /* HablitsColors.swift */; };
		410B6399276DE340002CBA85 /* HabitDetailsViewController.swift in Sources */ = {isa = PBXBuildFile; fileRef = 410B6398276DE340002CBA85 /* HabitDetailsViewController.swift */; };
		410B639C276E57F9002CBA85 /* AddEditHabitViewController.swift in Sources */ = {isa = PBXBuildFile; fileRef = 410B639B276E57F9002CBA85 /* AddEditHabitViewController.swift */; };
		410B639F276E582E002CBA85 /* AddEditHabitView.swift in Sources */ = {isa = PBXBuildFile; fileRef = 410B639E276E582E002CBA85 /* AddEditHabitView.swift */; };
		410B63A72774E219002CBA85 /* FontKit.swift in Sources */ = {isa = PBXBuildFile; fileRef = 410B63A62774E219002CBA85 /* FontKit.swift */; };
		41CBC5382764A5D60035393A /* AppDelegate.swift in Sources */ = {isa = PBXBuildFile; fileRef = 41CBC5372764A5D60035393A /* AppDelegate.swift */; };
		41CBC53A2764A5D60035393A /* SceneDelegate.swift in Sources */ = {isa = PBXBuildFile; fileRef = 41CBC5392764A5D60035393A /* SceneDelegate.swift */; };
		41CBC53C2764A5D60035393A /* ContentView.swift in Sources */ = {isa = PBXBuildFile; fileRef = 41CBC53B2764A5D60035393A /* ContentView.swift */; };
		41CBC53E2764A5D80035393A /* Assets.xcassets in Resources */ = {isa = PBXBuildFile; fileRef = 41CBC53D2764A5D80035393A /* Assets.xcassets */; };
		41CBC5412764A5D80035393A /* Preview Assets.xcassets in Resources */ = {isa = PBXBuildFile; fileRef = 41CBC5402764A5D80035393A /* Preview Assets.xcassets */; };
		41CBC5442764A5D80035393A /* LaunchScreen.storyboard in Resources */ = {isa = PBXBuildFile; fileRef = 41CBC5422764A5D80035393A /* LaunchScreen.storyboard */; };
		41CBC54D2764A84A0035393A /* InfoViewController.swift in Sources */ = {isa = PBXBuildFile; fileRef = 41CBC54C2764A84A0035393A /* InfoViewController.swift */; };
		41CBC5512764AAF30035393A /* InfoView.swift in Sources */ = {isa = PBXBuildFile; fileRef = 41CBC5502764AAF30035393A /* InfoView.swift */; };
		41CBC5552764AC770035393A /* ViewConstants.swift in Sources */ = {isa = PBXBuildFile; fileRef = 41CBC5542764AC770035393A /* ViewConstants.swift */; };
		41CBC55D2767AB310035393A /* HabitsViewController.swift in Sources */ = {isa = PBXBuildFile; fileRef = 41CBC55C2767AB310035393A /* HabitsViewController.swift */; };
/* End PBXBuildFile section */

/* Begin PBXFileReference section */
		410B63822767B904002CBA85 /* SF-Pro.ttf */ = {isa = PBXFileReference; lastKnownFileType = file; name = "SF-Pro.ttf"; path = "../../../../../../../../../../Library/Fonts/SF-Pro.ttf"; sourceTree = "<group>"; };
		410B63852768F7F7002CBA85 /* ProgressCollectionViewCell.swift */ = {isa = PBXFileReference; lastKnownFileType = sourcecode.swift; path = ProgressCollectionViewCell.swift; sourceTree = "<group>"; };
		410B6388276A27FB002CBA85 /* HabitCollectionViewCell.swift */ = {isa = PBXFileReference; lastKnownFileType = sourcecode.swift; path = HabitCollectionViewCell.swift; sourceTree = "<group>"; };
		410B638B276A2A22002CBA85 /* ColorKit.swift */ = {isa = PBXFileReference; lastKnownFileType = sourcecode.swift; path = ColorKit.swift; sourceTree = "<group>"; };
		410B6392276A4EB6002CBA85 /* CheckMarkView.swift */ = {isa = PBXFileReference; lastKnownFileType = sourcecode.swift; path = CheckMarkView.swift; sourceTree = "<group>"; };
		410B6395276A5603002CBA85 /* HablitsColors.swift */ = {isa = PBXFileReference; lastKnownFileType = sourcecode.swift; path = HablitsColors.swift; sourceTree = "<group>"; };
		410B6398276DE340002CBA85 /* HabitDetailsViewController.swift */ = {isa = PBXFileReference; lastKnownFileType = sourcecode.swift; path = HabitDetailsViewController.swift; sourceTree = "<group>"; };
		410B639B276E57F9002CBA85 /* AddEditHabitViewController.swift */ = {isa = PBXFileReference; lastKnownFileType = sourcecode.swift; path = AddEditHabitViewController.swift; sourceTree = "<group>"; };
		410B639E276E582E002CBA85 /* AddEditHabitView.swift */ = {isa = PBXFileReference; lastKnownFileType = sourcecode.swift; path = AddEditHabitView.swift; sourceTree = "<group>"; };
		410B63A62774E219002CBA85 /* FontKit.swift */ = {isa = PBXFileReference; lastKnownFileType = sourcecode.swift; path = FontKit.swift; sourceTree = "<group>"; };
		41CBC5342764A5D60035393A /* Habits.app */ = {isa = PBXFileReference; explicitFileType = wrapper.application; includeInIndex = 0; path = Habits.app; sourceTree = BUILT_PRODUCTS_DIR; };
		41CBC5372764A5D60035393A /* AppDelegate.swift */ = {isa = PBXFileReference; lastKnownFileType = sourcecode.swift; path = AppDelegate.swift; sourceTree = "<group>"; };
		41CBC5392764A5D60035393A /* SceneDelegate.swift */ = {isa = PBXFileReference; lastKnownFileType = sourcecode.swift; path = SceneDelegate.swift; sourceTree = "<group>"; };
		41CBC53B2764A5D60035393A /* ContentView.swift */ = {isa = PBXFileReference; lastKnownFileType = sourcecode.swift; path = ContentView.swift; sourceTree = "<group>"; };
		41CBC53D2764A5D80035393A /* Assets.xcassets */ = {isa = PBXFileReference; lastKnownFileType = folder.assetcatalog; path = Assets.xcassets; sourceTree = "<group>"; };
		41CBC5402764A5D80035393A /* Preview Assets.xcassets */ = {isa = PBXFileReference; lastKnownFileType = folder.assetcatalog; path = "Preview Assets.xcassets"; sourceTree = "<group>"; };
		41CBC5432764A5D80035393A /* Base */ = {isa = PBXFileReference; lastKnownFileType = file.storyboard; name = Base; path = Base.lproj/LaunchScreen.storyboard; sourceTree = "<group>"; };
		41CBC5452764A5D80035393A /* Info.plist */ = {isa = PBXFileReference; lastKnownFileType = text.plist.xml; path = Info.plist; sourceTree = "<group>"; };
		41CBC54C2764A84A0035393A /* InfoViewController.swift */ = {isa = PBXFileReference; lastKnownFileType = sourcecode.swift; path = InfoViewController.swift; sourceTree = "<group>"; };
		41CBC5502764AAF30035393A /* InfoView.swift */ = {isa = PBXFileReference; lastKnownFileType = sourcecode.swift; path = InfoView.swift; sourceTree = "<group>"; };
		41CBC5542764AC770035393A /* ViewConstants.swift */ = {isa = PBXFileReference; lastKnownFileType = sourcecode.swift; path = ViewConstants.swift; sourceTree = "<group>"; };
		41CBC55C2767AB310035393A /* HabitsViewController.swift */ = {isa = PBXFileReference; lastKnownFileType = sourcecode.swift; path = HabitsViewController.swift; sourceTree = "<group>"; };
/* End PBXFileReference section */

/* Begin PBXFrameworksBuildPhase section */
		41CBC5312764A5D60035393A /* Frameworks */ = {
			isa = PBXFrameworksBuildPhase;
			buildActionMask = 2147483647;
			files = (
			);
			runOnlyForDeploymentPostprocessing = 0;
		};
/* End PBXFrameworksBuildPhase section */

/* Begin PBXGroup section */
		410B63802767B62D002CBA85 /* Resources */ = {
			isa = PBXGroup;
			children = (
				410B63822767B904002CBA85 /* SF-Pro.ttf */,
			);
			path = Resources;
			sourceTree = "<group>";
		};
		41CBC52B2764A5D60035393A = {
			isa = PBXGroup;
			children = (
				41CBC5362764A5D60035393A /* Habits */,
				41CBC5352764A5D60035393A /* Products */,
			);
			sourceTree = "<group>";
		};
		41CBC5352764A5D60035393A /* Products */ = {
			isa = PBXGroup;
			children = (
				41CBC5342764A5D60035393A /* Habits.app */,
			);
			name = Products;
			sourceTree = "<group>";
		};
		41CBC5362764A5D60035393A /* Habits */ = {
			isa = PBXGroup;
			children = (
				41CBC55B2767AB190035393A /* Habits */,
				41CBC54F2764AAC70035393A /* Info */,
				41CBC5372764A5D60035393A /* AppDelegate.swift */,
				41CBC5392764A5D60035393A /* SceneDelegate.swift */,
				41CBC53B2764A5D60035393A /* ContentView.swift */,
				41CBC53D2764A5D80035393A /* Assets.xcassets */,
				41CBC5422764A5D80035393A /* LaunchScreen.storyboard */,
				41CBC5452764A5D80035393A /* Info.plist */,
				41CBC53F2764A5D80035393A /* Preview Content */,
				41CBC5542764AC770035393A /* ViewConstants.swift */,
				410B63802767B62D002CBA85 /* Resources */,
				410B638B276A2A22002CBA85 /* ColorKit.swift */,
				410B63A62774E219002CBA85 /* FontKit.swift */,
			);
			path = Habits;
			sourceTree = "<group>";
		};
		41CBC53F2764A5D80035393A /* Preview Content */ = {
			isa = PBXGroup;
			children = (
				41CBC5402764A5D80035393A /* Preview Assets.xcassets */,
			);
			path = "Preview Content";
			sourceTree = "<group>";
		};
		41CBC54F2764AAC70035393A /* Info */ = {
			isa = PBXGroup;
			children = (
				41CBC54C2764A84A0035393A /* InfoViewController.swift */,
				41CBC5502764AAF30035393A /* InfoView.swift */,
			);
			path = Info;
			sourceTree = "<group>";
		};
		41CBC55B2767AB190035393A /* Habits */ = {
			isa = PBXGroup;
			children = (
				41CBC55C2767AB310035393A /* HabitsViewController.swift */,
				410B63852768F7F7002CBA85 /* ProgressCollectionViewCell.swift */,
				410B6388276A27FB002CBA85 /* HabitCollectionViewCell.swift */,
				410B6392276A4EB6002CBA85 /* CheckMarkView.swift */,
				410B6395276A5603002CBA85 /* HablitsColors.swift */,
				410B6398276DE340002CBA85 /* HabitDetailsViewController.swift */,
				410B639B276E57F9002CBA85 /* AddEditHabitViewController.swift */,
				410B639E276E582E002CBA85 /* AddEditHabitView.swift */,
			);
			path = Habits;
			sourceTree = "<group>";
		};
/* End PBXGroup section */

/* Begin PBXNativeTarget section */
		41CBC5332764A5D60035393A /* Habits */ = {
			isa = PBXNativeTarget;
			buildConfigurationList = 41CBC5482764A5D80035393A /* Build configuration list for PBXNativeTarget "Habits" */;
			buildPhases = (
				41CBC5302764A5D60035393A /* Sources */,
				41CBC5312764A5D60035393A /* Frameworks */,
				41CBC5322764A5D60035393A /* Resources */,
			);
			buildRules = (
			);
			dependencies = (
			);
			name = Habits;
			productName = Habits;
			productReference = 41CBC5342764A5D60035393A /* Habits.app */;
			productType = "com.apple.product-type.application";
		};
/* End PBXNativeTarget section */

/* Begin PBXProject section */
		41CBC52C2764A5D60035393A /* Project object */ = {
			isa = PBXProject;
			attributes = {
				KnownAssetTags = (
					New,
				);
				LastSwiftUpdateCheck = 1240;
				LastUpgradeCheck = 1240;
				TargetAttributes = {
					41CBC5332764A5D60035393A = {
						CreatedOnToolsVersion = 12.4;
					};
				};
			};
			buildConfigurationList = 41CBC52F2764A5D60035393A /* Build configuration list for PBXProject "Habits" */;
			compatibilityVersion = "Xcode 9.3";
			developmentRegion = en;
			hasScannedForEncodings = 0;
			knownRegions = (
				en,
				Base,
			);
			mainGroup = 41CBC52B2764A5D60035393A;
			productRefGroup = 41CBC5352764A5D60035393A /* Products */;
			projectDirPath = "";
			projectRoot = "";
			targets = (
				41CBC5332764A5D60035393A /* Habits */,
			);
		};
/* End PBXProject section */

/* Begin PBXResourcesBuildPhase section */
		41CBC5322764A5D60035393A /* Resources */ = {
			isa = PBXResourcesBuildPhase;
			buildActionMask = 2147483647;
			files = (
				41CBC5442764A5D80035393A /* LaunchScreen.storyboard in Resources */,
				410B63832767B904002CBA85 /* SF-Pro.ttf in Resources */,
				41CBC5412764A5D80035393A /* Preview Assets.xcassets in Resources */,
				41CBC53E2764A5D80035393A /* Assets.xcassets in Resources */,
			);
			runOnlyForDeploymentPostprocessing = 0;
		};
/* End PBXResourcesBuildPhase section */

/* Begin PBXSourcesBuildPhase section */
		41CBC5302764A5D60035393A /* Sources */ = {
			isa = PBXSourcesBuildPhase;
			buildActionMask = 2147483647;
			files = (
				410B6399276DE340002CBA85 /* HabitDetailsViewController.swift in Sources */,
				410B639F276E582E002CBA85 /* AddEditHabitView.swift in Sources */,
				410B6393276A4EB6002CBA85 /* CheckMarkView.swift in Sources */,
				410B638C276A2A22002CBA85 /* ColorKit.swift in Sources */,
				41CBC5552764AC770035393A /* ViewConstants.swift in Sources */,
				41CBC5382764A5D60035393A /* AppDelegate.swift in Sources */,
				410B6389276A27FC002CBA85 /* HabitCollectionViewCell.swift in Sources */,
				410B63A72774E219002CBA85 /* FontKit.swift in Sources */,
				410B639C276E57F9002CBA85 /* AddEditHabitViewController.swift in Sources */,
				41CBC55D2767AB310035393A /* HabitsViewController.swift in Sources */,
				41CBC53A2764A5D60035393A /* SceneDelegate.swift in Sources */,
				410B6396276A5603002CBA85 /* HablitsColors.swift in Sources */,
				41CBC54D2764A84A0035393A /* InfoViewController.swift in Sources */,
				41CBC5512764AAF30035393A /* InfoView.swift in Sources */,
				410B63862768F7F7002CBA85 /* ProgressCollectionViewCell.swift in Sources */,
				41CBC53C2764A5D60035393A /* ContentView.swift in Sources */,
			);
			runOnlyForDeploymentPostprocessing = 0;
		};
/* End PBXSourcesBuildPhase section */

/* Begin PBXVariantGroup section */
		41CBC5422764A5D80035393A /* LaunchScreen.storyboard */ = {
			isa = PBXVariantGroup;
			children = (
				41CBC5432764A5D80035393A /* Base */,
			);
			name = LaunchScreen.storyboard;
			sourceTree = "<group>";
		};
/* End PBXVariantGroup section */

/* Begin XCBuildConfiguration section */
		41CBC5462764A5D80035393A /* Debug */ = {
			isa = XCBuildConfiguration;
			buildSettings = {
				ALWAYS_SEARCH_USER_PATHS = NO;
				CLANG_ANALYZER_NONNULL = YES;
				CLANG_ANALYZER_NUMBER_OBJECT_CONVERSION = YES_AGGRESSIVE;
				CLANG_CXX_LANGUAGE_STANDARD = "gnu++14";
				CLANG_CXX_LIBRARY = "libc++";
				CLANG_ENABLE_MODULES = YES;
				CLANG_ENABLE_OBJC_ARC = YES;
				CLANG_ENABLE_OBJC_WEAK = YES;
				CLANG_WARN_BLOCK_CAPTURE_AUTORELEASING = YES;
				CLANG_WARN_BOOL_CONVERSION = YES;
				CLANG_WARN_COMMA = YES;
				CLANG_WARN_CONSTANT_CONVERSION = YES;
				CLANG_WARN_DEPRECATED_OBJC_IMPLEMENTATIONS = YES;
				CLANG_WARN_DIRECT_OBJC_ISA_USAGE = YES_ERROR;
				CLANG_WARN_DOCUMENTATION_COMMENTS = YES;
				CLANG_WARN_EMPTY_BODY = YES;
				CLANG_WARN_ENUM_CONVERSION = YES;
				CLANG_WARN_INFINITE_RECURSION = YES;
				CLANG_WARN_INT_CONVERSION = YES;
				CLANG_WARN_NON_LITERAL_NULL_CONVERSION = YES;
				CLANG_WARN_OBJC_IMPLICIT_RETAIN_SELF = YES;
				CLANG_WARN_OBJC_LITERAL_CONVERSION = YES;
				CLANG_WARN_OBJC_ROOT_CLASS = YES_ERROR;
				CLANG_WARN_QUOTED_INCLUDE_IN_FRAMEWORK_HEADER = YES;
				CLANG_WARN_RANGE_LOOP_ANALYSIS = YES;
				CLANG_WARN_STRICT_PROTOTYPES = YES;
				CLANG_WARN_SUSPICIOUS_MOVE = YES;
				CLANG_WARN_UNGUARDED_AVAILABILITY = YES_AGGRESSIVE;
				CLANG_WARN_UNREACHABLE_CODE = YES;
				CLANG_WARN__DUPLICATE_METHOD_MATCH = YES;
				COPY_PHASE_STRIP = NO;
				DEBUG_INFORMATION_FORMAT = dwarf;
				ENABLE_STRICT_OBJC_MSGSEND = YES;
				ENABLE_TESTABILITY = YES;
				GCC_C_LANGUAGE_STANDARD = gnu11;
				GCC_DYNAMIC_NO_PIC = NO;
				GCC_NO_COMMON_BLOCKS = YES;
				GCC_OPTIMIZATION_LEVEL = 0;
				GCC_PREPROCESSOR_DEFINITIONS = (
					"DEBUG=1",
					"$(inherited)",
				);
				GCC_WARN_64_TO_32_BIT_CONVERSION = YES;
				GCC_WARN_ABOUT_RETURN_TYPE = YES_ERROR;
				GCC_WARN_UNDECLARED_SELECTOR = YES;
				GCC_WARN_UNINITIALIZED_AUTOS = YES_AGGRESSIVE;
				GCC_WARN_UNUSED_FUNCTION = YES;
				GCC_WARN_UNUSED_VARIABLE = YES;
				IPHONEOS_DEPLOYMENT_TARGET = 14.4;
				MTL_ENABLE_DEBUG_INFO = INCLUDE_SOURCE;
				MTL_FAST_MATH = YES;
				ONLY_ACTIVE_ARCH = YES;
				SDKROOT = iphoneos;
				SWIFT_ACTIVE_COMPILATION_CONDITIONS = DEBUG;
				SWIFT_OPTIMIZATION_LEVEL = "-Onone";
			};
			name = Debug;
		};
		41CBC5472764A5D80035393A /* Release */ = {
			isa = XCBuildConfiguration;
			buildSettings = {
				ALWAYS_SEARCH_USER_PATHS = NO;
				CLANG_ANALYZER_NONNULL = YES;
				CLANG_ANALYZER_NUMBER_OBJECT_CONVERSION = YES_AGGRESSIVE;
				CLANG_CXX_LANGUAGE_STANDARD = "gnu++14";
				CLANG_CXX_LIBRARY = "libc++";
				CLANG_ENABLE_MODULES = YES;
				CLANG_ENABLE_OBJC_ARC = YES;
				CLANG_ENABLE_OBJC_WEAK = YES;
				CLANG_WARN_BLOCK_CAPTURE_AUTORELEASING = YES;
				CLANG_WARN_BOOL_CONVERSION = YES;
				CLANG_WARN_COMMA = YES;
				CLANG_WARN_CONSTANT_CONVERSION = YES;
				CLANG_WARN_DEPRECATED_OBJC_IMPLEMENTATIONS = YES;
				CLANG_WARN_DIRECT_OBJC_ISA_USAGE = YES_ERROR;
				CLANG_WARN_DOCUMENTATION_COMMENTS = YES;
				CLANG_WARN_EMPTY_BODY = YES;
				CLANG_WARN_ENUM_CONVERSION = YES;
				CLANG_WARN_INFINITE_RECURSION = YES;
				CLANG_WARN_INT_CONVERSION = YES;
				CLANG_WARN_NON_LITERAL_NULL_CONVERSION = YES;
				CLANG_WARN_OBJC_IMPLICIT_RETAIN_SELF = YES;
				CLANG_WARN_OBJC_LITERAL_CONVERSION = YES;
				CLANG_WARN_OBJC_ROOT_CLASS = YES_ERROR;
				CLANG_WARN_QUOTED_INCLUDE_IN_FRAMEWORK_HEADER = YES;
				CLANG_WARN_RANGE_LOOP_ANALYSIS = YES;
				CLANG_WARN_STRICT_PROTOTYPES = YES;
				CLANG_WARN_SUSPICIOUS_MOVE = YES;
				CLANG_WARN_UNGUARDED_AVAILABILITY = YES_AGGRESSIVE;
				CLANG_WARN_UNREACHABLE_CODE = YES;
				CLANG_WARN__DUPLICATE_METHOD_MATCH = YES;
				COPY_PHASE_STRIP = NO;
				DEBUG_INFORMATION_FORMAT = "dwarf-with-dsym";
				ENABLE_NS_ASSERTIONS = NO;
				ENABLE_STRICT_OBJC_MSGSEND = YES;
				GCC_C_LANGUAGE_STANDARD = gnu11;
				GCC_NO_COMMON_BLOCKS = YES;
				GCC_WARN_64_TO_32_BIT_CONVERSION = YES;
				GCC_WARN_ABOUT_RETURN_TYPE = YES_ERROR;
				GCC_WARN_UNDECLARED_SELECTOR = YES;
				GCC_WARN_UNINITIALIZED_AUTOS = YES_AGGRESSIVE;
				GCC_WARN_UNUSED_FUNCTION = YES;
				GCC_WARN_UNUSED_VARIABLE = YES;
				IPHONEOS_DEPLOYMENT_TARGET = 14.4;
				MTL_ENABLE_DEBUG_INFO = NO;
				MTL_FAST_MATH = YES;
				SDKROOT = iphoneos;
				SWIFT_COMPILATION_MODE = wholemodule;
				SWIFT_OPTIMIZATION_LEVEL = "-O";
				VALIDATE_PRODUCT = YES;
			};
			name = Release;
		};
		41CBC5492764A5D80035393A /* Debug */ = {
			isa = XCBuildConfiguration;
			buildSettings = {
				ASSETCATALOG_COMPILER_APPICON_NAME = AppIcon;
				ASSETCATALOG_COMPILER_GLOBAL_ACCENT_COLOR_NAME = AccentColor;
				CODE_SIGN_STYLE = Automatic;
				DEVELOPMENT_ASSET_PATHS = "\"Habits/Preview Content\"";
				ENABLE_PREVIEWS = YES;
				INFOPLIST_FILE = Habits/Info.plist;
				LD_RUNPATH_SEARCH_PATHS = (
					"$(inherited)",
					"@executable_path/Frameworks",
				);
				PRODUCT_BUNDLE_IDENTIFIER = com.developergeorg.helloworld.Habits;
				PRODUCT_NAME = "$(TARGET_NAME)";
				SWIFT_VERSION = 5.0;
				TARGETED_DEVICE_FAMILY = "1,2";
			};
			name = Debug;
		};
		41CBC54A2764A5D80035393A /* Release */ = {
			isa = XCBuildConfiguration;
			buildSettings = {
				ASSETCATALOG_COMPILER_APPICON_NAME = AppIcon;
				ASSETCATALOG_COMPILER_GLOBAL_ACCENT_COLOR_NAME = AccentColor;
				CODE_SIGN_STYLE = Automatic;
				DEVELOPMENT_ASSET_PATHS = "\"Habits/Preview Content\"";
				ENABLE_PREVIEWS = YES;
				INFOPLIST_FILE = Habits/Info.plist;
				LD_RUNPATH_SEARCH_PATHS = (
					"$(inherited)",
					"@executable_path/Frameworks",
				);
				PRODUCT_BUNDLE_IDENTIFIER = com.developergeorg.helloworld.Habits;
				PRODUCT_NAME = "$(TARGET_NAME)";
				SWIFT_VERSION = 5.0;
				TARGETED_DEVICE_FAMILY = "1,2";
			};
			name = Release;
		};
/* End XCBuildConfiguration section */

/* Begin XCConfigurationList section */
		41CBC52F2764A5D60035393A /* Build configuration list for PBXProject "Habits" */ = {
			isa = XCConfigurationList;
			buildConfigurations = (
				41CBC5462764A5D80035393A /* Debug */,
				41CBC5472764A5D80035393A /* Release */,
			);
			defaultConfigurationIsVisible = 0;
			defaultConfigurationName = Release;
		};
		41CBC5482764A5D80035393A /* Build configuration list for PBXNativeTarget "Habits" */ = {
			isa = XCConfigurationList;
			buildConfigurations = (
				41CBC5492764A5D80035393A /* Debug */,
				41CBC54A2764A5D80035393A /* Release */,
			);
			defaultConfigurationIsVisible = 0;
			defaultConfigurationName = Release;
		};
/* End XCConfigurationList section */
	};
	rootObject = 41CBC52C2764A5D60035393A /* Project object */;
}
